// !$*UTF8*$!
{
	archiveVersion = 1;
	classes = {
	};
	objectVersion = 77;
	objects = {

/* Begin PBXBuildFile section */
		81088D932CB432EA00B2E646 /* AppDelegate.swift in Sources */ = {isa = PBXBuildFile; fileRef = 81088D922CB432EA00B2E646 /* AppDelegate.swift */; };
		81088D952CB432EA00B2E646 /* SceneDelegate.swift in Sources */ = {isa = PBXBuildFile; fileRef = 81088D942CB432EA00B2E646 /* SceneDelegate.swift */; };
		81088D972CB432EA00B2E646 /* ViewController.swift in Sources */ = {isa = PBXBuildFile; fileRef = 81088D962CB432EA00B2E646 /* ViewController.swift */; };
		81088D9A2CB432EA00B2E646 /* Main.storyboard in Resources */ = {isa = PBXBuildFile; fileRef = 81088D982CB432EA00B2E646 /* Main.storyboard */; };
		81088D9C2CB432EC00B2E646 /* Assets.xcassets in Resources */ = {isa = PBXBuildFile; fileRef = 81088D9B2CB432EC00B2E646 /* Assets.xcassets */; };
		81088D9F2CB432EC00B2E646 /* LaunchScreen.storyboard in Resources */ = {isa = PBXBuildFile; fileRef = 81088D9D2CB432EC00B2E646 /* LaunchScreen.storyboard */; };
		81088DC42CB4337400B2E646 /* Auth.storyboard in Resources */ = {isa = PBXBuildFile; fileRef = 81088DC32CB4337400B2E646 /* Auth.storyboard */; };
		816FDB6C2CB4381300DB5C96 /* GetStartedController.swift in Sources */ = {isa = PBXBuildFile; fileRef = 816FDB6B2CB4381300DB5C96 /* GetStartedController.swift */; };
		816FDB702CB823FB00DB5C96 /* RegisterController.swift in Sources */ = {isa = PBXBuildFile; fileRef = 816FDB6F2CB823FB00DB5C96 /* RegisterController.swift */; };
		816FDB722CB83B6F00DB5C96 /* LoginController.swift in Sources */ = {isa = PBXBuildFile; fileRef = 816FDB712CB83B6F00DB5C96 /* LoginController.swift */; };
		81796E932CB8488A00043803 /* UserModel.swift in Sources */ = {isa = PBXBuildFile; fileRef = 81796E922CB8488A00043803 /* UserModel.swift */; };
/* End PBXBuildFile section */

/* Begin PBXContainerItemProxy section */
		81088DA62CB432EC00B2E646 /* PBXContainerItemProxy */ = {
			isa = PBXContainerItemProxy;
			containerPortal = 81088D872CB432EA00B2E646 /* Project object */;
			proxyType = 1;
			remoteGlobalIDString = 81088D8E2CB432EA00B2E646;
			remoteInfo = BillionerApp;
		};
		81088DB02CB432EC00B2E646 /* PBXContainerItemProxy */ = {
			isa = PBXContainerItemProxy;
			containerPortal = 81088D872CB432EA00B2E646 /* Project object */;
			proxyType = 1;
			remoteGlobalIDString = 81088D8E2CB432EA00B2E646;
			remoteInfo = BillionerApp;
		};
/* End PBXContainerItemProxy section */

/* Begin PBXFileReference section */
		81088D8F2CB432EA00B2E646 /* BillionerApp.app */ = {isa = PBXFileReference; explicitFileType = wrapper.application; includeInIndex = 0; path = BillionerApp.app; sourceTree = BUILT_PRODUCTS_DIR; };
		81088D922CB432EA00B2E646 /* AppDelegate.swift */ = {isa = PBXFileReference; lastKnownFileType = sourcecode.swift; path = AppDelegate.swift; sourceTree = "<group>"; };
		81088D942CB432EA00B2E646 /* SceneDelegate.swift */ = {isa = PBXFileReference; lastKnownFileType = sourcecode.swift; path = SceneDelegate.swift; sourceTree = "<group>"; };
		81088D962CB432EA00B2E646 /* ViewController.swift */ = {isa = PBXFileReference; lastKnownFileType = sourcecode.swift; path = ViewController.swift; sourceTree = "<group>"; };
		81088D992CB432EA00B2E646 /* Base */ = {isa = PBXFileReference; lastKnownFileType = file.storyboard; name = Base; path = Base.lproj/Main.storyboard; sourceTree = "<group>"; };
		81088D9B2CB432EC00B2E646 /* Assets.xcassets */ = {isa = PBXFileReference; lastKnownFileType = folder.assetcatalog; path = Assets.xcassets; sourceTree = "<group>"; };
		81088D9E2CB432EC00B2E646 /* Base */ = {isa = PBXFileReference; lastKnownFileType = file.storyboard; name = Base; path = Base.lproj/LaunchScreen.storyboard; sourceTree = "<group>"; };
		81088DA02CB432EC00B2E646 /* Info.plist */ = {isa = PBXFileReference; lastKnownFileType = text.plist.xml; path = Info.plist; sourceTree = "<group>"; };
		81088DA52CB432EC00B2E646 /* BillionerAppTests.xctest */ = {isa = PBXFileReference; explicitFileType = wrapper.cfbundle; includeInIndex = 0; path = BillionerAppTests.xctest; sourceTree = BUILT_PRODUCTS_DIR; };
		81088DAF2CB432EC00B2E646 /* BillionerAppUITests.xctest */ = {isa = PBXFileReference; explicitFileType = wrapper.cfbundle; includeInIndex = 0; path = BillionerAppUITests.xctest; sourceTree = BUILT_PRODUCTS_DIR; };
		81088DC32CB4337400B2E646 /* Auth.storyboard */ = {isa = PBXFileReference; lastKnownFileType = file.storyboard; path = Auth.storyboard; sourceTree = "<group>"; };
		816FDB6B2CB4381300DB5C96 /* GetStartedController.swift */ = {isa = PBXFileReference; lastKnownFileType = sourcecode.swift; path = GetStartedController.swift; sourceTree = "<group>"; };
		816FDB6F2CB823FB00DB5C96 /* RegisterController.swift */ = {isa = PBXFileReference; lastKnownFileType = sourcecode.swift; path = RegisterController.swift; sourceTree = "<group>"; };
		816FDB712CB83B6F00DB5C96 /* LoginController.swift */ = {isa = PBXFileReference; lastKnownFileType = sourcecode.swift; path = LoginController.swift; sourceTree = "<group>"; };
		81796E922CB8488A00043803 /* UserModel.swift */ = {isa = PBXFileReference; lastKnownFileType = sourcecode.swift; path = UserModel.swift; sourceTree = "<group>"; };
/* End PBXFileReference section */

/* Begin PBXFileSystemSynchronizedRootGroup section */
		81088DA82CB432EC00B2E646 /* BillionerAppTests */ = {
			isa = PBXFileSystemSynchronizedRootGroup;
			path = BillionerAppTests;
			sourceTree = "<group>";
		};
		81088DB22CB432EC00B2E646 /* BillionerAppUITests */ = {
			isa = PBXFileSystemSynchronizedRootGroup;
			path = BillionerAppUITests;
			sourceTree = "<group>";
		};
/* End PBXFileSystemSynchronizedRootGroup section */

/* Begin PBXFrameworksBuildPhase section */
		81088D8C2CB432EA00B2E646 /* Frameworks */ = {
			isa = PBXFrameworksBuildPhase;
			buildActionMask = 2147483647;
			files = (
			);
			runOnlyForDeploymentPostprocessing = 0;
		};
		81088DA22CB432EC00B2E646 /* Frameworks */ = {
			isa = PBXFrameworksBuildPhase;
			buildActionMask = 2147483647;
			files = (
			);
			runOnlyForDeploymentPostprocessing = 0;
		};
		81088DAC2CB432EC00B2E646 /* Frameworks */ = {
			isa = PBXFrameworksBuildPhase;
			buildActionMask = 2147483647;
			files = (
			);
			runOnlyForDeploymentPostprocessing = 0;
		};
/* End PBXFrameworksBuildPhase section */

/* Begin PBXGroup section */
		81088D862CB432EA00B2E646 = {
			isa = PBXGroup;
			children = (
				81088DC52CB4339400B2E646 /* BillionerApp */,
				81088DA82CB432EC00B2E646 /* BillionerAppTests */,
				81088DB22CB432EC00B2E646 /* BillionerAppUITests */,
				81088D902CB432EA00B2E646 /* Products */,
			);
			sourceTree = "<group>";
		};
		81088D902CB432EA00B2E646 /* Products */ = {
			isa = PBXGroup;
			children = (
				81088D8F2CB432EA00B2E646 /* BillionerApp.app */,
				81088DA52CB432EC00B2E646 /* BillionerAppTests.xctest */,
				81088DAF2CB432EC00B2E646 /* BillionerAppUITests.xctest */,
			);
			name = Products;
			sourceTree = "<group>";
		};
		81088DC52CB4339400B2E646 /* BillionerApp */ = {
			isa = PBXGroup;
			children = (
				81088DA02CB432EC00B2E646 /* Info.plist */,
				81088DC62CB433F400B2E646 /* Auth */,
				81088DC92CB4342100B2E646 /* App */,
				81088DC72CB4340600B2E646 /* Main */,
				81088DC82CB4340E00B2E646 /* Resource */,
			);
			path = BillionerApp;
			sourceTree = "<group>";
		};
		81088DC62CB433F400B2E646 /* Auth */ = {
			isa = PBXGroup;
			children = (
				81796E912CB8486E00043803 /* Model */,
				816FDB6E2CB823AD00DB5C96 /* Storyboard */,
				816FDB6D2CB823A300DB5C96 /* Controller */,
			);
			path = Auth;
			sourceTree = "<group>";
		};
		81088DC72CB4340600B2E646 /* Main */ = {
			isa = PBXGroup;
			children = (
				81088D982CB432EA00B2E646 /* Main.storyboard */,
				81088D962CB432EA00B2E646 /* ViewController.swift */,
			);
			path = Main;
			sourceTree = "<group>";
		};
		81088DC82CB4340E00B2E646 /* Resource */ = {
			isa = PBXGroup;
			children = (
				81088D9B2CB432EC00B2E646 /* Assets.xcassets */,
				81088D9D2CB432EC00B2E646 /* LaunchScreen.storyboard */,
			);
			path = Resource;
			sourceTree = "<group>";
		};
		81088DC92CB4342100B2E646 /* App */ = {
			isa = PBXGroup;
			children = (
				81088D922CB432EA00B2E646 /* AppDelegate.swift */,
				81088D942CB432EA00B2E646 /* SceneDelegate.swift */,
			);
			path = App;
			sourceTree = "<group>";
		};
		816FDB6D2CB823A300DB5C96 /* Controller */ = {
			isa = PBXGroup;
			children = (
				816FDB6B2CB4381300DB5C96 /* GetStartedController.swift */,
				816FDB712CB83B6F00DB5C96 /* LoginController.swift */,
				816FDB6F2CB823FB00DB5C96 /* RegisterController.swift */,
			);
			path = Controller;
			sourceTree = "<group>";
		};
		816FDB6E2CB823AD00DB5C96 /* Storyboard */ = {
			isa = PBXGroup;
			children = (
				81088DC32CB4337400B2E646 /* Auth.storyboard */,
			);
			path = Storyboard;
			sourceTree = "<group>";
		};
		81796E912CB8486E00043803 /* Model */ = {
			isa = PBXGroup;
			children = (
				81796E922CB8488A00043803 /* UserModel.swift */,
			);
			path = Model;
			sourceTree = "<group>";
		};
/* End PBXGroup section */

/* Begin PBXNativeTarget section */
		81088D8E2CB432EA00B2E646 /* BillionerApp */ = {
			isa = PBXNativeTarget;
			buildConfigurationList = 81088DB82CB432EC00B2E646 /* Build configuration list for PBXNativeTarget "BillionerApp" */;
			buildPhases = (
				81088D8B2CB432EA00B2E646 /* Sources */,
				81088D8C2CB432EA00B2E646 /* Frameworks */,
				81088D8D2CB432EA00B2E646 /* Resources */,
			);
			buildRules = (
			);
			dependencies = (
			);
			name = BillionerApp;
			packageProductDependencies = (
			);
			productName = BillionerApp;
			productReference = 81088D8F2CB432EA00B2E646 /* BillionerApp.app */;
			productType = "com.apple.product-type.application";
		};
		81088DA42CB432EC00B2E646 /* BillionerAppTests */ = {
			isa = PBXNativeTarget;
			buildConfigurationList = 81088DBD2CB432EC00B2E646 /* Build configuration list for PBXNativeTarget "BillionerAppTests" */;
			buildPhases = (
				81088DA12CB432EC00B2E646 /* Sources */,
				81088DA22CB432EC00B2E646 /* Frameworks */,
				81088DA32CB432EC00B2E646 /* Resources */,
			);
			buildRules = (
			);
			dependencies = (
				81088DA72CB432EC00B2E646 /* PBXTargetDependency */,
			);
			fileSystemSynchronizedGroups = (
				81088DA82CB432EC00B2E646 /* BillionerAppTests */,
			);
			name = BillionerAppTests;
			packageProductDependencies = (
			);
			productName = BillionerAppTests;
			productReference = 81088DA52CB432EC00B2E646 /* BillionerAppTests.xctest */;
			productType = "com.apple.product-type.bundle.unit-test";
		};
		81088DAE2CB432EC00B2E646 /* BillionerAppUITests */ = {
			isa = PBXNativeTarget;
			buildConfigurationList = 81088DC02CB432EC00B2E646 /* Build configuration list for PBXNativeTarget "BillionerAppUITests" */;
			buildPhases = (
				81088DAB2CB432EC00B2E646 /* Sources */,
				81088DAC2CB432EC00B2E646 /* Frameworks */,
				81088DAD2CB432EC00B2E646 /* Resources */,
			);
			buildRules = (
			);
			dependencies = (
				81088DB12CB432EC00B2E646 /* PBXTargetDependency */,
			);
			fileSystemSynchronizedGroups = (
				81088DB22CB432EC00B2E646 /* BillionerAppUITests */,
			);
			name = BillionerAppUITests;
			packageProductDependencies = (
			);
			productName = BillionerAppUITests;
			productReference = 81088DAF2CB432EC00B2E646 /* BillionerAppUITests.xctest */;
			productType = "com.apple.product-type.bundle.ui-testing";
		};
/* End PBXNativeTarget section */

/* Begin PBXProject section */
		81088D872CB432EA00B2E646 /* Project object */ = {
			isa = PBXProject;
			attributes = {
				BuildIndependentTargetsInParallel = 1;
				LastSwiftUpdateCheck = 1600;
				LastUpgradeCheck = 1600;
				TargetAttributes = {
					81088D8E2CB432EA00B2E646 = {
						CreatedOnToolsVersion = 16.0;
					};
					81088DA42CB432EC00B2E646 = {
						CreatedOnToolsVersion = 16.0;
						TestTargetID = 81088D8E2CB432EA00B2E646;
					};
					81088DAE2CB432EC00B2E646 = {
						CreatedOnToolsVersion = 16.0;
						TestTargetID = 81088D8E2CB432EA00B2E646;
					};
				};
			};
			buildConfigurationList = 81088D8A2CB432EA00B2E646 /* Build configuration list for PBXProject "BillionerApp" */;
			developmentRegion = en;
			hasScannedForEncodings = 0;
			knownRegions = (
				en,
				Base,
			);
			mainGroup = 81088D862CB432EA00B2E646;
			minimizedProjectReferenceProxies = 1;
			preferredProjectObjectVersion = 77;
			productRefGroup = 81088D902CB432EA00B2E646 /* Products */;
			projectDirPath = "";
			projectRoot = "";
			targets = (
				81088D8E2CB432EA00B2E646 /* BillionerApp */,
				81088DA42CB432EC00B2E646 /* BillionerAppTests */,
				81088DAE2CB432EC00B2E646 /* BillionerAppUITests */,
			);
		};
/* End PBXProject section */

/* Begin PBXResourcesBuildPhase section */
		81088D8D2CB432EA00B2E646 /* Resources */ = {
			isa = PBXResourcesBuildPhase;
			buildActionMask = 2147483647;
			files = (
				81088DC42CB4337400B2E646 /* Auth.storyboard in Resources */,
				81088D9F2CB432EC00B2E646 /* LaunchScreen.storyboard in Resources */,
				81088D9C2CB432EC00B2E646 /* Assets.xcassets in Resources */,
				81088D9A2CB432EA00B2E646 /* Main.storyboard in Resources */,
			);
			runOnlyForDeploymentPostprocessing = 0;
		};
		81088DA32CB432EC00B2E646 /* Resources */ = {
			isa = PBXResourcesBuildPhase;
			buildActionMask = 2147483647;
			files = (
			);
			runOnlyForDeploymentPostprocessing = 0;
		};
		81088DAD2CB432EC00B2E646 /* Resources */ = {
			isa = PBXResourcesBuildPhase;
			buildActionMask = 2147483647;
			files = (
			);
			runOnlyForDeploymentPostprocessing = 0;
		};
/* End PBXResourcesBuildPhase section */

/* Begin PBXSourcesBuildPhase section */
		81088D8B2CB432EA00B2E646 /* Sources */ = {
			isa = PBXSourcesBuildPhase;
			buildActionMask = 2147483647;
			files = (
				816FDB702CB823FB00DB5C96 /* RegisterController.swift in Sources */,
				81796E932CB8488A00043803 /* UserModel.swift in Sources */,
				816FDB722CB83B6F00DB5C96 /* LoginController.swift in Sources */,
				816FDB6C2CB4381300DB5C96 /* GetStartedController.swift in Sources */,
				81088D972CB432EA00B2E646 /* ViewController.swift in Sources */,
				81088D932CB432EA00B2E646 /* AppDelegate.swift in Sources */,
				81088D952CB432EA00B2E646 /* SceneDelegate.swift in Sources */,
			);
			runOnlyForDeploymentPostprocessing = 0;
		};
		81088DA12CB432EC00B2E646 /* Sources */ = {
			isa = PBXSourcesBuildPhase;
			buildActionMask = 2147483647;
			files = (
			);
			runOnlyForDeploymentPostprocessing = 0;
		};
		81088DAB2CB432EC00B2E646 /* Sources */ = {
			isa = PBXSourcesBuildPhase;
			buildActionMask = 2147483647;
			files = (
			);
			runOnlyForDeploymentPostprocessing = 0;
		};
/* End PBXSourcesBuildPhase section */

/* Begin PBXTargetDependency section */
		81088DA72CB432EC00B2E646 /* PBXTargetDependency */ = {
			isa = PBXTargetDependency;
			target = 81088D8E2CB432EA00B2E646 /* BillionerApp */;
			targetProxy = 81088DA62CB432EC00B2E646 /* PBXContainerItemProxy */;
		};
		81088DB12CB432EC00B2E646 /* PBXTargetDependency */ = {
			isa = PBXTargetDependency;
			target = 81088D8E2CB432EA00B2E646 /* BillionerApp */;
			targetProxy = 81088DB02CB432EC00B2E646 /* PBXContainerItemProxy */;
		};
/* End PBXTargetDependency section */

/* Begin PBXVariantGroup section */
		81088D982CB432EA00B2E646 /* Main.storyboard */ = {
			isa = PBXVariantGroup;
			children = (
				81088D992CB432EA00B2E646 /* Base */,
			);
			name = Main.storyboard;
			sourceTree = "<group>";
		};
		81088D9D2CB432EC00B2E646 /* LaunchScreen.storyboard */ = {
			isa = PBXVariantGroup;
			children = (
				81088D9E2CB432EC00B2E646 /* Base */,
			);
			name = LaunchScreen.storyboard;
			sourceTree = "<group>";
		};
/* End PBXVariantGroup section */

/* Begin XCBuildConfiguration section */
		81088DB92CB432EC00B2E646 /* Debug */ = {
			isa = XCBuildConfiguration;
			buildSettings = {
				ASSETCATALOG_COMPILER_APPICON_NAME = AppIcon;
				ASSETCATALOG_COMPILER_GLOBAL_ACCENT_COLOR_NAME = AccentColor;
				CODE_SIGN_STYLE = Automatic;
				CURRENT_PROJECT_VERSION = 1;
				GENERATE_INFOPLIST_FILE = YES;
				INFOPLIST_FILE = BillionerApp/Info.plist;
				INFOPLIST_KEY_UIApplicationSupportsIndirectInputEvents = YES;
				INFOPLIST_KEY_UILaunchStoryboardName = LaunchScreen;
				INFOPLIST_KEY_UIMainStoryboardFile = Main;
				INFOPLIST_KEY_UISupportedInterfaceOrientations_iPad = "UIInterfaceOrientationPortrait UIInterfaceOrientationPortraitUpsideDown UIInterfaceOrientationLandscapeLeft UIInterfaceOrientationLandscapeRight";
				INFOPLIST_KEY_UISupportedInterfaceOrientations_iPhone = "UIInterfaceOrientationPortrait UIInterfaceOrientationLandscapeLeft UIInterfaceOrientationLandscapeRight";
				LD_RUNPATH_SEARCH_PATHS = (
					"$(inherited)",
					"@executable_path/Frameworks",
				);
				MARKETING_VERSION = 1.0;
				PRODUCT_BUNDLE_IDENTIFIER = com.mamedhaciyev.BillionerApp;
				PRODUCT_NAME = "$(TARGET_NAME)";
				SWIFT_EMIT_LOC_STRINGS = YES;
				SWIFT_VERSION = 5.0;
				TARGETED_DEVICE_FAMILY = "1,2";
			};
			name = Debug;
		};
		81088DBA2CB432EC00B2E646 /* Release */ = {
			isa = XCBuildConfiguration;
			buildSettings = {
				ASSETCATALOG_COMPILER_APPICON_NAME = AppIcon;
				ASSETCATALOG_COMPILER_GLOBAL_ACCENT_COLOR_NAME = AccentColor;
				CODE_SIGN_STYLE = Automatic;
				CURRENT_PROJECT_VERSION = 1;
				GENERATE_INFOPLIST_FILE = YES;
				INFOPLIST_FILE = BillionerApp/Info.plist;
				INFOPLIST_KEY_UIApplicationSupportsIndirectInputEvents = YES;
				INFOPLIST_KEY_UILaunchStoryboardName = LaunchScreen;
				INFOPLIST_KEY_UIMainStoryboardFile = Main;
				INFOPLIST_KEY_UISupportedInterfaceOrientations_iPad = "UIInterfaceOrientationPortrait UIInterfaceOrientationPortraitUpsideDown UIInterfaceOrientationLandscapeLeft UIInterfaceOrientationLandscapeRight";
				INFOPLIST_KEY_UISupportedInterfaceOrientations_iPhone = "UIInterfaceOrientationPortrait UIInterfaceOrientationLandscapeLeft UIInterfaceOrientationLandscapeRight";
				LD_RUNPATH_SEARCH_PATHS = (
					"$(inherited)",
					"@executable_path/Frameworks",
				);
				MARKETING_VERSION = 1.0;
				PRODUCT_BUNDLE_IDENTIFIER = com.mamedhaciyev.BillionerApp;
				PRODUCT_NAME = "$(TARGET_NAME)";
				SWIFT_EMIT_LOC_STRINGS = YES;
				SWIFT_VERSION = 5.0;
				TARGETED_DEVICE_FAMILY = "1,2";
			};
			name = Release;
		};
		81088DBB2CB432EC00B2E646 /* Debug */ = {
			isa = XCBuildConfiguration;
			buildSettings = {
				ALWAYS_SEARCH_USER_PATHS = NO;
				ASSETCATALOG_COMPILER_GENERATE_SWIFT_ASSET_SYMBOL_EXTENSIONS = YES;
				CLANG_ANALYZER_NONNULL = YES;
				CLANG_ANALYZER_NUMBER_OBJECT_CONVERSION = YES_AGGRESSIVE;
				CLANG_CXX_LANGUAGE_STANDARD = "gnu++20";
				CLANG_ENABLE_MODULES = YES;
				CLANG_ENABLE_OBJC_ARC = YES;
				CLANG_ENABLE_OBJC_WEAK = YES;
				CLANG_WARN_BLOCK_CAPTURE_AUTORELEASING = YES;
				CLANG_WARN_BOOL_CONVERSION = YES;
				CLANG_WARN_COMMA = YES;
				CLANG_WARN_CONSTANT_CONVERSION = YES;
				CLANG_WARN_DEPRECATED_OBJC_IMPLEMENTATIONS = YES;
				CLANG_WARN_DIRECT_OBJC_ISA_USAGE = YES_ERROR;
				CLANG_WARN_DOCUMENTATION_COMMENTS = YES;
				CLANG_WARN_EMPTY_BODY = YES;
				CLANG_WARN_ENUM_CONVERSION = YES;
				CLANG_WARN_INFINITE_RECURSION = YES;
				CLANG_WARN_INT_CONVERSION = YES;
				CLANG_WARN_NON_LITERAL_NULL_CONVERSION = YES;
				CLANG_WARN_OBJC_IMPLICIT_RETAIN_SELF = YES;
				CLANG_WARN_OBJC_LITERAL_CONVERSION = YES;
				CLANG_WARN_OBJC_ROOT_CLASS = YES_ERROR;
				CLANG_WARN_QUOTED_INCLUDE_IN_FRAMEWORK_HEADER = YES;
				CLANG_WARN_RANGE_LOOP_ANALYSIS = YES;
				CLANG_WARN_STRICT_PROTOTYPES = YES;
				CLANG_WARN_SUSPICIOUS_MOVE = YES;
				CLANG_WARN_UNGUARDED_AVAILABILITY = YES_AGGRESSIVE;
				CLANG_WARN_UNREACHABLE_CODE = YES;
				CLANG_WARN__DUPLICATE_METHOD_MATCH = YES;
				COPY_PHASE_STRIP = NO;
				DEBUG_INFORMATION_FORMAT = dwarf;
				ENABLE_STRICT_OBJC_MSGSEND = YES;
				ENABLE_TESTABILITY = YES;
				ENABLE_USER_SCRIPT_SANDBOXING = YES;
				GCC_C_LANGUAGE_STANDARD = gnu17;
				GCC_DYNAMIC_NO_PIC = NO;
				GCC_NO_COMMON_BLOCKS = YES;
				GCC_OPTIMIZATION_LEVEL = 0;
				GCC_PREPROCESSOR_DEFINITIONS = (
					"DEBUG=1",
					"$(inherited)",
				);
				GCC_WARN_64_TO_32_BIT_CONVERSION = YES;
				GCC_WARN_ABOUT_RETURN_TYPE = YES_ERROR;
				GCC_WARN_UNDECLARED_SELECTOR = YES;
				GCC_WARN_UNINITIALIZED_AUTOS = YES_AGGRESSIVE;
				GCC_WARN_UNUSED_FUNCTION = YES;
				GCC_WARN_UNUSED_VARIABLE = YES;
				IPHONEOS_DEPLOYMENT_TARGET = 18.0;
				LOCALIZATION_PREFERS_STRING_CATALOGS = YES;
				MTL_ENABLE_DEBUG_INFO = INCLUDE_SOURCE;
				MTL_FAST_MATH = YES;
				ONLY_ACTIVE_ARCH = YES;
				SDKROOT = iphoneos;
				SWIFT_ACTIVE_COMPILATION_CONDITIONS = "DEBUG $(inherited)";
				SWIFT_OPTIMIZATION_LEVEL = "-Onone";
			};
			name = Debug;
		};
		81088DBC2CB432EC00B2E646 /* Release */ = {
			isa = XCBuildConfiguration;
			buildSettings = {
				ALWAYS_SEARCH_USER_PATHS = NO;
				ASSETCATALOG_COMPILER_GENERATE_SWIFT_ASSET_SYMBOL_EXTENSIONS = YES;
				CLANG_ANALYZER_NONNULL = YES;
				CLANG_ANALYZER_NUMBER_OBJECT_CONVERSION = YES_AGGRESSIVE;
				CLANG_CXX_LANGUAGE_STANDARD = "gnu++20";
				CLANG_ENABLE_MODULES = YES;
				CLANG_ENABLE_OBJC_ARC = YES;
				CLANG_ENABLE_OBJC_WEAK = YES;
				CLANG_WARN_BLOCK_CAPTURE_AUTORELEASING = YES;
				CLANG_WARN_BOOL_CONVERSION = YES;
				CLANG_WARN_COMMA = YES;
				CLANG_WARN_CONSTANT_CONVERSION = YES;
				CLANG_WARN_DEPRECATED_OBJC_IMPLEMENTATIONS = YES;
				CLANG_WARN_DIRECT_OBJC_ISA_USAGE = YES_ERROR;
				CLANG_WARN_DOCUMENTATION_COMMENTS = YES;
				CLANG_WARN_EMPTY_BODY = YES;
				CLANG_WARN_ENUM_CONVERSION = YES;
				CLANG_WARN_INFINITE_RECURSION = YES;
				CLANG_WARN_INT_CONVERSION = YES;
				CLANG_WARN_NON_LITERAL_NULL_CONVERSION = YES;
				CLANG_WARN_OBJC_IMPLICIT_RETAIN_SELF = YES;
				CLANG_WARN_OBJC_LITERAL_CONVERSION = YES;
				CLANG_WARN_OBJC_ROOT_CLASS = YES_ERROR;
				CLANG_WARN_QUOTED_INCLUDE_IN_FRAMEWORK_HEADER = YES;
				CLANG_WARN_RANGE_LOOP_ANALYSIS = YES;
				CLANG_WARN_STRICT_PROTOTYPES = YES;
				CLANG_WARN_SUSPICIOUS_MOVE = YES;
				CLANG_WARN_UNGUARDED_AVAILABILITY = YES_AGGRESSIVE;
				CLANG_WARN_UNREACHABLE_CODE = YES;
				CLANG_WARN__DUPLICATE_METHOD_MATCH = YES;
				COPY_PHASE_STRIP = NO;
				DEBUG_INFORMATION_FORMAT = "dwarf-with-dsym";
				ENABLE_NS_ASSERTIONS = NO;
				ENABLE_STRICT_OBJC_MSGSEND = YES;
				ENABLE_USER_SCRIPT_SANDBOXING = YES;
				GCC_C_LANGUAGE_STANDARD = gnu17;
				GCC_NO_COMMON_BLOCKS = YES;
				GCC_WARN_64_TO_32_BIT_CONVERSION = YES;
				GCC_WARN_ABOUT_RETURN_TYPE = YES_ERROR;
				GCC_WARN_UNDECLARED_SELECTOR = YES;
				GCC_WARN_UNINITIALIZED_AUTOS = YES_AGGRESSIVE;
				GCC_WARN_UNUSED_FUNCTION = YES;
				GCC_WARN_UNUSED_VARIABLE = YES;
				IPHONEOS_DEPLOYMENT_TARGET = 18.0;
				LOCALIZATION_PREFERS_STRING_CATALOGS = YES;
				MTL_ENABLE_DEBUG_INFO = NO;
				MTL_FAST_MATH = YES;
				SDKROOT = iphoneos;
				SWIFT_COMPILATION_MODE = wholemodule;
				VALIDATE_PRODUCT = YES;
			};
			name = Release;
		};
		81088DBE2CB432EC00B2E646 /* Debug */ = {
			isa = XCBuildConfiguration;
			buildSettings = {
				BUNDLE_LOADER = "$(TEST_HOST)";
				CODE_SIGN_STYLE = Automatic;
				CURRENT_PROJECT_VERSION = 1;
				GENERATE_INFOPLIST_FILE = YES;
				IPHONEOS_DEPLOYMENT_TARGET = 18.0;
				MARKETING_VERSION = 1.0;
				PRODUCT_BUNDLE_IDENTIFIER = com.mamedhaciyev.BillionerAppTests;
				PRODUCT_NAME = "$(TARGET_NAME)";
				SWIFT_EMIT_LOC_STRINGS = NO;
				SWIFT_VERSION = 5.0;
				TARGETED_DEVICE_FAMILY = "1,2";
				TEST_HOST = "$(BUILT_PRODUCTS_DIR)/BillionerApp.app/$(BUNDLE_EXECUTABLE_FOLDER_PATH)/BillionerApp";
			};
			name = Debug;
		};
		81088DBF2CB432EC00B2E646 /* Release */ = {
			isa = XCBuildConfiguration;
			buildSettings = {
				BUNDLE_LOADER = "$(TEST_HOST)";
				CODE_SIGN_STYLE = Automatic;
				CURRENT_PROJECT_VERSION = 1;
				GENERATE_INFOPLIST_FILE = YES;
				IPHONEOS_DEPLOYMENT_TARGET = 18.0;
				MARKETING_VERSION = 1.0;
				PRODUCT_BUNDLE_IDENTIFIER = com.mamedhaciyev.BillionerAppTests;
				PRODUCT_NAME = "$(TARGET_NAME)";
				SWIFT_EMIT_LOC_STRINGS = NO;
				SWIFT_VERSION = 5.0;
				TARGETED_DEVICE_FAMILY = "1,2";
				TEST_HOST = "$(BUILT_PRODUCTS_DIR)/BillionerApp.app/$(BUNDLE_EXECUTABLE_FOLDER_PATH)/BillionerApp";
			};
			name = Release;
		};
		81088DC12CB432EC00B2E646 /* Debug */ = {
			isa = XCBuildConfiguration;
			buildSettings = {
				CODE_SIGN_STYLE = Automatic;
				CURRENT_PROJECT_VERSION = 1;
				GENERATE_INFOPLIST_FILE = YES;
				MARKETING_VERSION = 1.0;
				PRODUCT_BUNDLE_IDENTIFIER = com.mamedhaciyev.BillionerAppUITests;
				PRODUCT_NAME = "$(TARGET_NAME)";
				SWIFT_EMIT_LOC_STRINGS = NO;
				SWIFT_VERSION = 5.0;
				TARGETED_DEVICE_FAMILY = "1,2";
				TEST_TARGET_NAME = BillionerApp;
			};
			name = Debug;
		};
		81088DC22CB432EC00B2E646 /* Release */ = {
			isa = XCBuildConfiguration;
			buildSettings = {
				CODE_SIGN_STYLE = Automatic;
				CURRENT_PROJECT_VERSION = 1;
				GENERATE_INFOPLIST_FILE = YES;
				MARKETING_VERSION = 1.0;
				PRODUCT_BUNDLE_IDENTIFIER = com.mamedhaciyev.BillionerAppUITests;
				PRODUCT_NAME = "$(TARGET_NAME)";
				SWIFT_EMIT_LOC_STRINGS = NO;
				SWIFT_VERSION = 5.0;
				TARGETED_DEVICE_FAMILY = "1,2";
				TEST_TARGET_NAME = BillionerApp;
			};
			name = Release;
		};
/* End XCBuildConfiguration section */

/* Begin XCConfigurationList section */
		81088D8A2CB432EA00B2E646 /* Build configuration list for PBXProject "BillionerApp" */ = {
			isa = XCConfigurationList;
			buildConfigurations = (
				81088DBB2CB432EC00B2E646 /* Debug */,
				81088DBC2CB432EC00B2E646 /* Release */,
			);
			defaultConfigurationIsVisible = 0;
			defaultConfigurationName = Release;
		};
		81088DB82CB432EC00B2E646 /* Build configuration list for PBXNativeTarget "BillionerApp" */ = {
			isa = XCConfigurationList;
			buildConfigurations = (
				81088DB92CB432EC00B2E646 /* Debug */,
				81088DBA2CB432EC00B2E646 /* Release */,
			);
			defaultConfigurationIsVisible = 0;
			defaultConfigurationName = Release;
		};
		81088DBD2CB432EC00B2E646 /* Build configuration list for PBXNativeTarget "BillionerAppTests" */ = {
			isa = XCConfigurationList;
			buildConfigurations = (
				81088DBE2CB432EC00B2E646 /* Debug */,
				81088DBF2CB432EC00B2E646 /* Release */,
			);
			defaultConfigurationIsVisible = 0;
			defaultConfigurationName = Release;
		};
		81088DC02CB432EC00B2E646 /* Build configuration list for PBXNativeTarget "BillionerAppUITests" */ = {
			isa = XCConfigurationList;
			buildConfigurations = (
				81088DC12CB432EC00B2E646 /* Debug */,
				81088DC22CB432EC00B2E646 /* Release */,
			);
			defaultConfigurationIsVisible = 0;
			defaultConfigurationName = Release;
		};
/* End XCConfigurationList section */
	};
	rootObject = 81088D872CB432EA00B2E646 /* Project object */;
}
